<?xml version="1.0" encoding="utf-8"?>
<Project ToolsVersion="4.0" xmlns="http://schemas.microsoft.com/developer/msbuild/2003">
  <ItemGroup>
    <Filter Include="Source Files">
      <UniqueIdentifier>{4FC737F1-C7A5-4376-A066-2A32D752A2FF}</UniqueIdentifier>
      <Extensions>cpp;c;cc;cxx;def;odl;idl;hpj;bat;asm;asmx</Extensions>
    </Filter>
    <Filter Include="Graph">
      <UniqueIdentifier>{93995380-89BD-4b04-88EB-625FBE52EBFB}</UniqueIdentifier>
      <Extensions>h;hh;hpp;hxx;hm;inl;inc;xsd</Extensions>
    </Filter>
    <Filter Include="Misc">
      <UniqueIdentifier>{35be6f27-2964-4821-bd4e-76a560ec1d6b}</UniqueIdentifier>
    </Filter>
    <Filter Include="Nodes">
      <UniqueIdentifier>{c6862ae3-2c61-4197-8ac6-fbd2b0476d9a}</UniqueIdentifier>
    </Filter>
    <Filter Include="Nodes\Shaders">
      <UniqueIdentifier>{23d30827-7362-4b08-a1fa-a9b1f52569ff}</UniqueIdentifier>
    </Filter>
  </ItemGroup>
  <ItemGroup>
    <ClCompile Include="main.cpp">
      <Filter>Source Files</Filter>
    </ClCompile>
    <ClCompile Include="Graph\NodeFactory.cpp">
      <Filter>Graph</Filter>
    </ClCompile>
    <ClCompile Include="Graph\NodeLibrary.cpp">
      <Filter>Graph</Filter>
    </ClCompile>
    <ClCompile Include="Graph\Port.cpp">
      <Filter>Graph</Filter>
    </ClCompile>
    <ClCompile Include="Node_LoopbackSource.cpp">
      <Filter>Nodes</Filter>
    </ClCompile>
    <ClCompile Include="Node_Wavelet.cpp">
      <Filter>Nodes</Filter>
    </ClCompile>
    <ClCompile Include="Convolution.cpp">
      <Filter>Source Files</Filter>
    </ClCompile>
    <ClCompile Include="Node_DownSample.cpp">
      <Filter>Nodes</Filter>
    </ClCompile>
    <ClCompile Include="Node_BeatFinder.cpp">
      <Filter>Nodes</Filter>
    </ClCompile>
    <ClCompile Include="Node_Visualizer.cpp">
      <Filter>Nodes</Filter>
    </ClCompile>
    <ClCompile Include="Node_FFT.cpp">
      <Filter>Nodes</Filter>
    </ClCompile>
  </ItemGroup>
  <ItemGroup>
    <ClInclude Include="Graph\Node.hpp">
      <Filter>Graph</Filter>
    </ClInclude>
    <ClInclude Include="Graph\Node_Arithmetic.hpp">
      <Filter>Graph</Filter>
    </ClInclude>
    <ClInclude Include="Graph\Node_Comparison.hpp">
      <Filter>Graph</Filter>
    </ClInclude>
    <ClInclude Include="Graph\Node_Logic.hpp">
      <Filter>Graph</Filter>
    </ClInclude>
    <ClInclude Include="Graph\Node_MathFunctions.hpp">
      <Filter>Graph</Filter>
    </ClInclude>
    <ClInclude Include="Graph\NodeFactory.hpp">
      <Filter>Graph</Filter>
    </ClInclude>
    <ClInclude Include="Graph\NodeLibrary.hpp">
      <Filter>Graph</Filter>
    </ClInclude>
    <ClInclude Include="Graph\Port.hpp">
      <Filter>Graph</Filter>
    </ClInclude>
    <ClInclude Include="Any.hpp">
      <Filter>Misc</Filter>
    </ClInclude>
    <ClInclude Include="Node_Volume.hpp">
      <Filter>Nodes</Filter>
    </ClInclude>
    <ClInclude Include="Node_Spectrum.hpp">
      <Filter>Nodes</Filter>
    </ClInclude>
    <ClInclude Include="Node_Wavelet.hpp">
      <Filter>Nodes</Filter>
    </ClInclude>
    <ClInclude Include="Node_BeatFinder.hpp">
      <Filter>Nodes</Filter>
    </ClInclude>
    <ClInclude Include="Node_LoopbackSource.hpp">
      <Filter>Nodes</Filter>
    </ClInclude>
    <ClInclude Include="Node_VolumeDisplay.hpp">
      <Filter>Nodes</Filter>
    </ClInclude>
    <ClInclude Include="ScopeGuard.hpp">
      <Filter>Source Files</Filter>
    </ClInclude>
    <ClInclude Include="ConvolutionBuffer.hpp">
      <Filter>Source Files</Filter>
    </ClInclude>
    <ClInclude Include="Convolution.hpp">
      <Filter>Source Files</Filter>
    </ClInclude>
    <ClInclude Include="Node_SplitStereo.hpp">
      <Filter>Nodes</Filter>
    </ClInclude>
    <ClInclude Include="Node_DownSample.hpp">
      <Filter>Nodes</Filter>
    </ClInclude>
    <ClInclude Include="Node_BarDisplay.hpp">
      <Filter>Nodes</Filter>
    </ClInclude>
    <ClInclude Include="Node_Visualizer.hpp">
      <Filter>Nodes</Filter>
    </ClInclude>
    <ClInclude Include="Node_FFT.hpp">
      <Filter>Nodes</Filter>
    </ClInclude>
  </ItemGroup>
  <ItemGroup>
    <FxCompile Include="VsQuad.hlsl">
      <Filter>Nodes\Shaders</Filter>
    </FxCompile>
    <FxCompile Include="PsSpectrogram.hlsl">
      <Filter>Nodes\Shaders</Filter>
    </FxCompile>
    <FxCompile Include="VsSignal.hlsl">
      <Filter>Nodes\Shaders</Filter>
    </FxCompile>
    <FxCompile Include="PsSimplecolor.hlsl">
      <Filter>Nodes\Shaders</Filter>
    </FxCompile>
  </ItemGroup>
  <ItemGroup>
    <Natvis Include="include\Mathter\Mathter.natvis" />
  </ItemGroup>
</Project>